// !$*UTF8*$!
{
	archiveVersion = 1;
	classes = {
	};
	objectVersion = 46;
	objects = {

/* Begin PBXBuildFile section */
		275A74381ED3759D008CB57B /* libsqlite3.tbd in Frameworks */ = {isa = PBXBuildFile; fileRef = 275A74371ED3759D008CB57B /* libsqlite3.tbd */; };
		275A743A1ED375A1008CB57B /* libz.tbd in Frameworks */ = {isa = PBXBuildFile; fileRef = 275A74391ED375A1008CB57B /* libz.tbd */; };
		275A743C1ED375A7008CB57B /* CoreFoundation.framework in Frameworks */ = {isa = PBXBuildFile; fileRef = 275A743B1ED375A7008CB57B /* CoreFoundation.framework */; };
		275A74B81ED39CA0008CB57B /* libLiteCore-static.a in Frameworks */ = {isa = PBXBuildFile; fileRef = 275A74951ED39AFF008CB57B /* libLiteCore-static.a */; };
		275A74D91ED3B891008CB57B /* LiteCoreServ.cc in Sources */ = {isa = PBXBuildFile; fileRef = 275A74D81ED3B891008CB57B /* LiteCoreServ.cc */; };
		279691331ED4B0A10086565D /* RESTSyncListener.cc in Sources */ = {isa = PBXBuildFile; fileRef = 275A73DF1ED354D3008CB57B /* RESTSyncListener.cc */; };
		279691341ED4B0A50086565D /* CivetC4Socket.cc in Sources */ = {isa = PBXBuildFile; fileRef = 275A73D71ED35260008CB57B /* CivetC4Socket.cc */; };
		279691351ED4B0B40086565D /* libLiteCoreREST-static.a in Frameworks */ = {isa = PBXBuildFile; fileRef = 275A74991ED39AFF008CB57B /* libLiteCoreREST-static.a */; };
		279691571ED4B1750086565D /* libLiteCoreREST-static.a in Frameworks */ = {isa = PBXBuildFile; fileRef = 275A74991ED39AFF008CB57B /* libLiteCoreREST-static.a */; };
		279691581ED4B17A0086565D /* RESTSyncListener.cc in Sources */ = {isa = PBXBuildFile; fileRef = 275A73DF1ED354D3008CB57B /* RESTSyncListener.cc */; };
		279691591ED4B17D0086565D /* CivetC4Socket.cc in Sources */ = {isa = PBXBuildFile; fileRef = 275A73D71ED35260008CB57B /* CivetC4Socket.cc */; };
		2796915C1ED4B1F30086565D /* libLiteCore.dylib in Frameworks */ = {isa = PBXBuildFile; fileRef = 275A74971ED39AFF008CB57B /* libLiteCore.dylib */; };
		2796915E1ED4B2140086565D /* libFleece.a in Frameworks */ = {isa = PBXBuildFile; fileRef = 2796915D1ED4B2140086565D /* libFleece.a */; };
		279691781ED4B3A60086565D /* libLiteCore-static.a in Frameworks */ = {isa = PBXBuildFile; fileRef = 279691741ED4B3050086565D /* libLiteCore-static.a */; };
		2796917B1ED4B5350086565D /* libsqlite3.tbd in Frameworks */ = {isa = PBXBuildFile; fileRef = 275A74371ED3759D008CB57B /* libsqlite3.tbd */; };
		279691841ED4B5D90086565D /* CivetC4Socket.cc in Sources */ = {isa = PBXBuildFile; fileRef = 275A73D71ED35260008CB57B /* CivetC4Socket.cc */; };
		279691861ED4B5D90086565D /* libsqlite3.tbd in Frameworks */ = {isa = PBXBuildFile; fileRef = 275A74371ED3759D008CB57B /* libsqlite3.tbd */; };
		279691871ED4B5D90086565D /* libLiteCore-static.a in Frameworks */ = {isa = PBXBuildFile; fileRef = 279691741ED4B3050086565D /* libLiteCore-static.a */; };
		279691881ED4B5D90086565D /* libFleece.a in Frameworks */ = {isa = PBXBuildFile; fileRef = 2796915D1ED4B2140086565D /* libFleece.a */; };
		279691891ED4B5D90086565D /* libLiteCore.dylib in Frameworks */ = {isa = PBXBuildFile; fileRef = 275A74971ED39AFF008CB57B /* libLiteCore.dylib */; };
		279691921ED4B5EE0086565D /* SyncListener.cc in Sources */ = {isa = PBXBuildFile; fileRef = 275A74491ED37F34008CB57B /* SyncListener.cc */; };
		279691931ED4B6000086565D /* libcivetweb.a in Frameworks */ = {isa = PBXBuildFile; fileRef = 275A74AB1ED39AFF008CB57B /* libcivetweb.a */; };
		279691941ED4B6390086565D /* Listener.cc in Sources */ = {isa = PBXBuildFile; fileRef = 275A74F21ED4A467008CB57B /* Listener.cc */; };
		279691951ED4B6390086565D /* c4Listener.cc in Sources */ = {isa = PBXBuildFile; fileRef = 275A74F01ED4A45A008CB57B /* c4Listener.cc */; };
/* End PBXBuildFile section */

/* Begin PBXContainerItemProxy section */
		275A74941ED39AFF008CB57B /* PBXContainerItemProxy */ = {
			isa = PBXContainerItemProxy;
			containerPortal = 275A73E41ED362CF008CB57B /* LiteCore.xcodeproj */;
			proxyType = 2;
			remoteGlobalIDString = 27EF81121917EEC600A327B9;
			remoteInfo = "LiteCore static";
		};
		275A74961ED39AFF008CB57B /* PBXContainerItemProxy */ = {
			isa = PBXContainerItemProxy;
			containerPortal = 275A73E41ED362CF008CB57B /* LiteCore.xcodeproj */;
			proxyType = 2;
			remoteGlobalIDString = 720EA3F51BA7EAD9002B8416;
			remoteInfo = "LiteCore dylib";
		};
		275A74981ED39AFF008CB57B /* PBXContainerItemProxy */ = {
			isa = PBXContainerItemProxy;
			containerPortal = 275A73E41ED362CF008CB57B /* LiteCore.xcodeproj */;
			proxyType = 2;
			remoteGlobalIDString = 27FC81E81EAAB0D90028E38E;
			remoteInfo = "LiteCoreREST static";
		};
		275A749A1ED39AFF008CB57B /* PBXContainerItemProxy */ = {
			isa = PBXContainerItemProxy;
			containerPortal = 275A73E41ED362CF008CB57B /* LiteCore.xcodeproj */;
			proxyType = 2;
			remoteGlobalIDString = 279D410E1EA5558100D8DD9D;
			remoteInfo = "LiteCoreREST dylib";
		};
		275A749C1ED39AFF008CB57B /* PBXContainerItemProxy */ = {
			isa = PBXContainerItemProxy;
			containerPortal = 275A73E41ED362CF008CB57B /* LiteCore.xcodeproj */;
			proxyType = 2;
			remoteGlobalIDString = 2708FE521CF4CC880022F721;
			remoteInfo = LiteCoreCppTests;
		};
		275A749E1ED39AFF008CB57B /* PBXContainerItemProxy */ = {
			isa = PBXContainerItemProxy;
			containerPortal = 275A73E41ED362CF008CB57B /* LiteCore.xcodeproj */;
			proxyType = 2;
			remoteGlobalIDString = 274D04081BA75E1C00FF7C35;
			remoteInfo = C4Tests;
		};
		275A74A01ED39AFF008CB57B /* PBXContainerItemProxy */ = {
			isa = PBXContainerItemProxy;
			containerPortal = 275A73E41ED362CF008CB57B /* LiteCore.xcodeproj */;
			proxyType = 2;
			remoteGlobalIDString = 279D41421EA5918200D8DD9D;
			remoteInfo = LiteCoreServ;
		};
		275A74A21ED39AFF008CB57B /* PBXContainerItemProxy */ = {
			isa = PBXContainerItemProxy;
			containerPortal = 275A73E41ED362CF008CB57B /* LiteCore.xcodeproj */;
			proxyType = 2;
			remoteGlobalIDString = 27468F071EAD147D00B1B4F5;
			remoteInfo = litecp;
		};
		275A74A41ED39AFF008CB57B /* PBXContainerItemProxy */ = {
			isa = PBXContainerItemProxy;
			containerPortal = 275A73E41ED362CF008CB57B /* LiteCore.xcodeproj */;
			proxyType = 2;
			remoteGlobalIDString = 270C6BA11EBA74D800E73415;
			remoteInfo = litecorelog;
		};
		275A74A61ED39AFF008CB57B /* PBXContainerItemProxy */ = {
			isa = PBXContainerItemProxy;
			containerPortal = 275A73E41ED362CF008CB57B /* LiteCore.xcodeproj */;
			proxyType = 2;
			remoteGlobalIDString = 274D03D31BA732B000FF7C35;
			remoteInfo = LiteCoreJNI;
		};
		275A74A81ED39AFF008CB57B /* PBXContainerItemProxy */ = {
			isa = PBXContainerItemProxy;
			containerPortal = 275A73E41ED362CF008CB57B /* LiteCore.xcodeproj */;
			proxyType = 2;
			remoteGlobalIDString = 27EF807419142C2500A327B9;
			remoteInfo = Tokenizer;
		};
		275A74AA1ED39AFF008CB57B /* PBXContainerItemProxy */ = {
			isa = PBXContainerItemProxy;
			containerPortal = 275A73E41ED362CF008CB57B /* LiteCore.xcodeproj */;
			proxyType = 2;
			remoteGlobalIDString = 279D40FE1EA54A9D00D8DD9D;
			remoteInfo = civetweb;
		};
		275A74AC1ED39AFF008CB57B /* PBXContainerItemProxy */ = {
			isa = PBXContainerItemProxy;
			containerPortal = 275A73E41ED362CF008CB57B /* LiteCore.xcodeproj */;
			proxyType = 2;
			remoteGlobalIDString = 27139B3018F8E9750021A9A3;
			remoteInfo = "LiteCore XCTests";
		};
		275A74AE1ED39AFF008CB57B /* PBXContainerItemProxy */ = {
			isa = PBXContainerItemProxy;
			containerPortal = 275A73E41ED362CF008CB57B /* LiteCore.xcodeproj */;
			proxyType = 2;
			remoteGlobalIDString = 27A924941D9B316D00086206;
			remoteInfo = "LiteCore-iOS";
		};
		275A74B01ED39AFF008CB57B /* PBXContainerItemProxy */ = {
			isa = PBXContainerItemProxy;
			containerPortal = 275A73E41ED362CF008CB57B /* LiteCore.xcodeproj */;
			proxyType = 2;
			remoteGlobalIDString = 27A924AC1D9B316D00086206;
			remoteInfo = "LiteCore-iOS Tests";
		};
		275A74B91ED39CDA008CB57B /* PBXContainerItemProxy */ = {
			isa = PBXContainerItemProxy;
			containerPortal = 275A73E41ED362CF008CB57B /* LiteCore.xcodeproj */;
			proxyType = 1;
			remoteGlobalIDString = 27EF80F91917EEC600A327B9;
			remoteInfo = "LiteCore static";
		};
		2796915A1ED4B18F0086565D /* PBXContainerItemProxy */ = {
			isa = PBXContainerItemProxy;
			containerPortal = 275A73E41ED362CF008CB57B /* LiteCore.xcodeproj */;
			proxyType = 1;
			remoteGlobalIDString = 27FC81E71EAAB0D90028E38E;
			remoteInfo = "LiteCoreREST static";
		};
		279691731ED4B3050086565D /* PBXContainerItemProxy */ = {
			isa = PBXContainerItemProxy;
			containerPortal = 275A73E41ED362CF008CB57B /* LiteCore.xcodeproj */;
			proxyType = 2;
			remoteGlobalIDString = 279691631ED4B29E0086565D;
			remoteInfo = Support;
		};
		279691791ED4B3B30086565D /* PBXContainerItemProxy */ = {
			isa = PBXContainerItemProxy;
			containerPortal = 275A73E41ED362CF008CB57B /* LiteCore.xcodeproj */;
			proxyType = 1;
			remoteGlobalIDString = 279691621ED4B29E0086565D;
			remoteInfo = Support;
		};
		2796917F1ED4B5D90086565D /* PBXContainerItemProxy */ = {
			isa = PBXContainerItemProxy;
			containerPortal = 275A73E41ED362CF008CB57B /* LiteCore.xcodeproj */;
			proxyType = 1;
			remoteGlobalIDString = 279691621ED4B29E0086565D;
			remoteInfo = Support;
		};
		279691811ED4B5D90086565D /* PBXContainerItemProxy */ = {
			isa = PBXContainerItemProxy;
			containerPortal = 275A73E41ED362CF008CB57B /* LiteCore.xcodeproj */;
			proxyType = 1;
			remoteGlobalIDString = 27FC81E71EAAB0D90028E38E;
			remoteInfo = "LiteCoreREST static";
		};
/* End PBXContainerItemProxy section */

/* Begin PBXCopyFilesBuildPhase section */
		275A742A1ED37560008CB57B /* CopyFiles */ = {
			isa = PBXCopyFilesBuildPhase;
			buildActionMask = 2147483647;
			dstPath = /usr/share/man/man1/;
			dstSubfolderSpec = 0;
			files = (
			);
			runOnlyForDeploymentPostprocessing = 1;
		};
/* End PBXCopyFilesBuildPhase section */

/* Begin PBXFileReference section */
		2700BDD11ED4F1AF006B8AFF /* README.md */ = {isa = PBXFileReference; fileEncoding = 4; lastKnownFileType = net.daringfireball.markdown; path = README.md; sourceTree = "<group>"; wrapsLines = 1; };
		275A73D71ED35260008CB57B /* CivetC4Socket.cc */ = {isa = PBXFileReference; fileEncoding = 4; lastKnownFileType = sourcecode.cpp.cpp; path = CivetC4Socket.cc; sourceTree = "<group>"; };
		275A73D81ED35260008CB57B /* CivetC4Socket.hh */ = {isa = PBXFileReference; fileEncoding = 4; lastKnownFileType = sourcecode.cpp.h; path = CivetC4Socket.hh; sourceTree = "<group>"; };
		275A73DF1ED354D3008CB57B /* RESTSyncListener.cc */ = {isa = PBXFileReference; fileEncoding = 4; lastKnownFileType = sourcecode.cpp.cpp; path = RESTSyncListener.cc; sourceTree = "<group>"; };
		275A73E01ED354D3008CB57B /* RESTSyncListener.hh */ = {isa = PBXFileReference; fileEncoding = 4; lastKnownFileType = sourcecode.cpp.h; path = RESTSyncListener.hh; sourceTree = "<group>"; };
		275A73E41ED362CF008CB57B /* LiteCore.xcodeproj */ = {isa = PBXFileReference; lastKnownFileType = "wrapper.pb-project"; name = LiteCore.xcodeproj; path = "../couchbase-lite-core/Xcode/LiteCore.xcodeproj"; sourceTree = SOURCE_ROOT; };
		275A742C1ED37560008CB57B /* LiteCoreServ_EE */ = {isa = PBXFileReference; explicitFileType = "compiled.mach-o.executable"; includeInIndex = 0; path = LiteCoreServ_EE; sourceTree = BUILT_PRODUCTS_DIR; };
		275A74371ED3759D008CB57B /* libsqlite3.tbd */ = {isa = PBXFileReference; lastKnownFileType = "sourcecode.text-based-dylib-definition"; name = libsqlite3.tbd; path = usr/lib/libsqlite3.tbd; sourceTree = SDKROOT; };
		275A74391ED375A1008CB57B /* libz.tbd */ = {isa = PBXFileReference; lastKnownFileType = "sourcecode.text-based-dylib-definition"; name = libz.tbd; path = usr/lib/libz.tbd; sourceTree = SDKROOT; };
		275A743B1ED375A7008CB57B /* CoreFoundation.framework */ = {isa = PBXFileReference; lastKnownFileType = wrapper.framework; name = CoreFoundation.framework; path = System/Library/Frameworks/CoreFoundation.framework; sourceTree = SDKROOT; };
		275A74491ED37F34008CB57B /* SyncListener.cc */ = {isa = PBXFileReference; fileEncoding = 4; lastKnownFileType = sourcecode.cpp.cpp; path = SyncListener.cc; sourceTree = "<group>"; };
		275A744A1ED37F34008CB57B /* SyncListener.hh */ = {isa = PBXFileReference; fileEncoding = 4; lastKnownFileType = sourcecode.cpp.h; path = SyncListener.hh; sourceTree = "<group>"; };
		275A74D81ED3B891008CB57B /* LiteCoreServ.cc */ = {isa = PBXFileReference; fileEncoding = 4; lastKnownFileType = sourcecode.cpp.cpp; name = LiteCoreServ.cc; path = "../../couchbase-lite-core/REST/LiteCoreServ.cc"; sourceTree = "<group>"; };
		275A74F01ED4A45A008CB57B /* c4Listener.cc */ = {isa = PBXFileReference; fileEncoding = 4; lastKnownFileType = sourcecode.cpp.cpp; name = c4Listener.cc; path = "../../couchbase-lite-core/REST/c4Listener.cc"; sourceTree = "<group>"; };
		275A74F21ED4A467008CB57B /* Listener.cc */ = {isa = PBXFileReference; fileEncoding = 4; lastKnownFileType = sourcecode.cpp.cpp; name = Listener.cc; path = "../../couchbase-lite-core/REST/Listener.cc"; sourceTree = "<group>"; };
		2796914C1ED4B1510086565D /* LiteCoreREST_EE.dylib */ = {isa = PBXFileReference; explicitFileType = "compiled.mach-o.dylib"; includeInIndex = 0; path = LiteCoreREST_EE.dylib; sourceTree = BUILT_PRODUCTS_DIR; };
		2796915D1ED4B2140086565D /* libFleece.a */ = {isa = PBXFileReference; lastKnownFileType = archive.ar; name = libFleece.a; path = "../couchbase-lite-core/vendor/fleece/build/Debug/libFleece.a"; sourceTree = "<group>"; };
		279691911ED4B5D90086565D /* LiteCoreSync_EE.dylib */ = {isa = PBXFileReference; explicitFileType = "compiled.mach-o.dylib"; includeInIndex = 0; path = LiteCoreSync_EE.dylib; sourceTree = BUILT_PRODUCTS_DIR; };
		2796919A1ED4CA5B0086565D /* Project_Debug.xcconfig */ = {isa = PBXFileReference; lastKnownFileType = text.xcconfig; name = Project_Debug.xcconfig; path = "../../couchbase-lite-core/Xcode/xcconfigs/Project_Debug.xcconfig"; sourceTree = "<group>"; };
		2796919B1ED4CA5B0086565D /* Project_Release.xcconfig */ = {isa = PBXFileReference; lastKnownFileType = text.xcconfig; name = Project_Release.xcconfig; path = "../../couchbase-lite-core/Xcode/xcconfigs/Project_Release.xcconfig"; sourceTree = "<group>"; };
		2796919C1ED4CA5B0086565D /* Project.xcconfig */ = {isa = PBXFileReference; lastKnownFileType = text.xcconfig; name = Project.xcconfig; path = "../../couchbase-lite-core/Xcode/xcconfigs/Project.xcconfig"; sourceTree = "<group>"; };
		2796919D1ED4CAAA0086565D /* dylib.xcconfig */ = {isa = PBXFileReference; lastKnownFileType = text.xcconfig; name = dylib.xcconfig; path = "../../couchbase-lite-core/Xcode/xcconfigs/dylib.xcconfig"; sourceTree = "<group>"; };
		2796919F1ED4CCBD0086565D /* LiteCoreSync_EE.xcconfig */ = {isa = PBXFileReference; lastKnownFileType = text.xcconfig; path = LiteCoreSync_EE.xcconfig; sourceTree = "<group>"; };
		279691A01ED4CEDE0086565D /* LiteCoreREST_EE.xcconfig */ = {isa = PBXFileReference; lastKnownFileType = text.xcconfig; path = LiteCoreREST_EE.xcconfig; sourceTree = "<group>"; };
		279691A11ED4CF310086565D /* LiteCoreServ_EE.xcconfig */ = {isa = PBXFileReference; lastKnownFileType = text.xcconfig; path = LiteCoreServ_EE.xcconfig; sourceTree = "<group>"; };
/* End PBXFileReference section */

/* Begin PBXFrameworksBuildPhase section */
		275A74291ED37560008CB57B /* Frameworks */ = {
			isa = PBXFrameworksBuildPhase;
			buildActionMask = 2147483647;
			files = (
				279691351ED4B0B40086565D /* libLiteCoreREST-static.a in Frameworks */,
				275A74B81ED39CA0008CB57B /* libLiteCore-static.a in Frameworks */,
				275A743C1ED375A7008CB57B /* CoreFoundation.framework in Frameworks */,
				275A743A1ED375A1008CB57B /* libz.tbd in Frameworks */,
				275A74381ED3759D008CB57B /* libsqlite3.tbd in Frameworks */,
			);
			runOnlyForDeploymentPostprocessing = 0;
		};
		279691491ED4B1510086565D /* Frameworks */ = {
			isa = PBXFrameworksBuildPhase;
			buildActionMask = 2147483647;
			files = (
				2796917B1ED4B5350086565D /* libsqlite3.tbd in Frameworks */,
				279691781ED4B3A60086565D /* libLiteCore-static.a in Frameworks */,
				2796915E1ED4B2140086565D /* libFleece.a in Frameworks */,
				2796915C1ED4B1F30086565D /* libLiteCore.dylib in Frameworks */,
				279691571ED4B1750086565D /* libLiteCoreREST-static.a in Frameworks */,
			);
			runOnlyForDeploymentPostprocessing = 0;
		};
		279691851ED4B5D90086565D /* Frameworks */ = {
			isa = PBXFrameworksBuildPhase;
			buildActionMask = 2147483647;
			files = (
				279691931ED4B6000086565D /* libcivetweb.a in Frameworks */,
				279691861ED4B5D90086565D /* libsqlite3.tbd in Frameworks */,
				279691871ED4B5D90086565D /* libLiteCore-static.a in Frameworks */,
				279691881ED4B5D90086565D /* libFleece.a in Frameworks */,
				279691891ED4B5D90086565D /* libLiteCore.dylib in Frameworks */,
			);
			runOnlyForDeploymentPostprocessing = 0;
		};
/* End PBXFrameworksBuildPhase section */

/* Begin PBXGroup section */
		275A73C01ED351D0008CB57B = {
			isa = PBXGroup;
			children = (
				2700BDD11ED4F1AF006B8AFF /* README.md */,
				275A73CB1ED351D0008CB57B /* Listener */,
				275A73E41ED362CF008CB57B /* LiteCore.xcodeproj */,
				275A73CA1ED351D0008CB57B /* Products */,
				275A74361ED3759C008CB57B /* Frameworks */,
			);
			sourceTree = "<group>";
		};
		275A73CA1ED351D0008CB57B /* Products */ = {
			isa = PBXGroup;
			children = (
				275A742C1ED37560008CB57B /* LiteCoreServ_EE */,
				2796914C1ED4B1510086565D /* LiteCoreREST_EE.dylib */,
				279691911ED4B5D90086565D /* LiteCoreSync_EE.dylib */,
			);
			name = Products;
			sourceTree = "<group>";
		};
		275A73CB1ED351D0008CB57B /* Listener */ = {
			isa = PBXGroup;
			children = (
				275A74491ED37F34008CB57B /* SyncListener.cc */,
				275A744A1ED37F34008CB57B /* SyncListener.hh */,
				275A73DF1ED354D3008CB57B /* RESTSyncListener.cc */,
				275A73E01ED354D3008CB57B /* RESTSyncListener.hh */,
				275A73D71ED35260008CB57B /* CivetC4Socket.cc */,
				275A73D81ED35260008CB57B /* CivetC4Socket.hh */,
				2796919E1ED4CC6D0086565D /* xcconfigs */,
				275A74EF1ED4A43A008CB57B /* from LiteCore */,
			);
			path = Listener;
			sourceTree = "<group>";
		};
		275A74361ED3759C008CB57B /* Frameworks */ = {
			isa = PBXGroup;
			children = (
				2796915D1ED4B2140086565D /* libFleece.a */,
				275A743B1ED375A7008CB57B /* CoreFoundation.framework */,
				275A74391ED375A1008CB57B /* libz.tbd */,
				275A74371ED3759D008CB57B /* libsqlite3.tbd */,
			);
			name = Frameworks;
			sourceTree = "<group>";
		};
		275A74821ED39AFF008CB57B /* Products */ = {
			isa = PBXGroup;
			children = (
				275A74951ED39AFF008CB57B /* libLiteCore-static.a */,
				275A74971ED39AFF008CB57B /* libLiteCore.dylib */,
				275A74991ED39AFF008CB57B /* libLiteCoreREST-static.a */,
				275A749B1ED39AFF008CB57B /* libLiteCoreREST.dylib */,
				279691741ED4B3050086565D /* libLiteCore-static.a */,
				275A749D1ED39AFF008CB57B /* LiteCoreCppTests */,
				275A749F1ED39AFF008CB57B /* C4Tests */,
				275A74A11ED39AFF008CB57B /* LiteCoreServ */,
				275A74A31ED39AFF008CB57B /* litecp */,
				275A74A51ED39AFF008CB57B /* litecorelog */,
				275A74A71ED39AFF008CB57B /* libLiteCoreJNI.dylib */,
				275A74A91ED39AFF008CB57B /* libTokenizer.a */,
				275A74AB1ED39AFF008CB57B /* libcivetweb.a */,
				275A74AD1ED39AFF008CB57B /* LiteCore Tests.xctest */,
				275A74AF1ED39AFF008CB57B /* LiteCore-iOS.app */,
				275A74B11ED39AFF008CB57B /* LiteCore-iOS Tests.xctest */,
			);
			name = Products;
			sourceTree = "<group>";
		};
		275A74EF1ED4A43A008CB57B /* from LiteCore */ = {
			isa = PBXGroup;
			children = (
				275A74D81ED3B891008CB57B /* LiteCoreServ.cc */,
				275A74F21ED4A467008CB57B /* Listener.cc */,
				275A74F01ED4A45A008CB57B /* c4Listener.cc */,
				2796919A1ED4CA5B0086565D /* Project_Debug.xcconfig */,
				2796919B1ED4CA5B0086565D /* Project_Release.xcconfig */,
				2796919C1ED4CA5B0086565D /* Project.xcconfig */,
				2796919D1ED4CAAA0086565D /* dylib.xcconfig */,
			);
			name = "from LiteCore";
			sourceTree = "<group>";
		};
		2796919E1ED4CC6D0086565D /* xcconfigs */ = {
			isa = PBXGroup;
			children = (
				2796919F1ED4CCBD0086565D /* LiteCoreSync_EE.xcconfig */,
				279691A01ED4CEDE0086565D /* LiteCoreREST_EE.xcconfig */,
				279691A11ED4CF310086565D /* LiteCoreServ_EE.xcconfig */,
			);
			name = xcconfigs;
			path = ../xcconfigs;
			sourceTree = "<group>";
		};
/* End PBXGroup section */

/* Begin PBXHeadersBuildPhase section */
		2796914A1ED4B1510086565D /* Headers */ = {
			isa = PBXHeadersBuildPhase;
			buildActionMask = 2147483647;
			files = (
			);
			runOnlyForDeploymentPostprocessing = 0;
		};
		2796918B1ED4B5D90086565D /* Headers */ = {
			isa = PBXHeadersBuildPhase;
			buildActionMask = 2147483647;
			files = (
			);
			runOnlyForDeploymentPostprocessing = 0;
		};
/* End PBXHeadersBuildPhase section */

/* Begin PBXNativeTarget section */
		275A742B1ED37560008CB57B /* LiteCoreServ_EE */ = {
			isa = PBXNativeTarget;
			buildConfigurationList = 275A74301ED37560008CB57B /* Build configuration list for PBXNativeTarget "LiteCoreServ_EE" */;
			buildPhases = (
				275A74281ED37560008CB57B /* Sources */,
				275A74291ED37560008CB57B /* Frameworks */,
				275A742A1ED37560008CB57B /* CopyFiles */,
			);
			buildRules = (
			);
			dependencies = (
				275A74BA1ED39CDA008CB57B /* PBXTargetDependency */,
			);
			name = LiteCoreServ_EE;
			productName = LiteCoreServDeluxe;
			productReference = 275A742C1ED37560008CB57B /* LiteCoreServ_EE */;
			productType = "com.apple.product-type.tool";
		};
		2796914B1ED4B1510086565D /* LiteCoreREST_EE */ = {
			isa = PBXNativeTarget;
			buildConfigurationList = 279691541ED4B1510086565D /* Build configuration list for PBXNativeTarget "LiteCoreREST_EE" */;
			buildPhases = (
				279691481ED4B1510086565D /* Sources */,
				279691491ED4B1510086565D /* Frameworks */,
				2796914A1ED4B1510086565D /* Headers */,
			);
			buildRules = (
			);
			dependencies = (
				2796917A1ED4B3B30086565D /* PBXTargetDependency */,
				2796915B1ED4B18F0086565D /* PBXTargetDependency */,
			);
			name = LiteCoreREST_EE;
			productName = LiteCoreREST_EE;
			productReference = 2796914C1ED4B1510086565D /* LiteCoreREST_EE.dylib */;
			productType = "com.apple.product-type.library.dynamic";
		};
		2796917D1ED4B5D90086565D /* LiteCoreSync_EE */ = {
			isa = PBXNativeTarget;
			buildConfigurationList = 2796918E1ED4B5D90086565D /* Build configuration list for PBXNativeTarget "LiteCoreSync_EE" */;
			buildPhases = (
				279691821ED4B5D90086565D /* Sources */,
				279691851ED4B5D90086565D /* Frameworks */,
				2796918B1ED4B5D90086565D /* Headers */,
			);
			buildRules = (
			);
			dependencies = (
				2796917E1ED4B5D90086565D /* PBXTargetDependency */,
				279691801ED4B5D90086565D /* PBXTargetDependency */,
			);
			name = LiteCoreSync_EE;
			productName = LiteCoreREST_EE;
			productReference = 279691911ED4B5D90086565D /* LiteCoreSync_EE.dylib */;
			productType = "com.apple.product-type.library.dynamic";
		};
/* End PBXNativeTarget section */

/* Begin PBXProject section */
		275A73C11ED351D0008CB57B /* Project object */ = {
			isa = PBXProject;
			attributes = {
				LastUpgradeCheck = 0830;
				ORGANIZATIONNAME = Couchbase;
				TargetAttributes = {
					275A742B1ED37560008CB57B = {
						CreatedOnToolsVersion = 8.3.2;
						DevelopmentTeam = N2Q372V7W2;
						ProvisioningStyle = Automatic;
					};
					2796914B1ED4B1510086565D = {
						CreatedOnToolsVersion = 8.3.2;
						ProvisioningStyle = Automatic;
					};
				};
			};
			buildConfigurationList = 275A73C41ED351D0008CB57B /* Build configuration list for PBXProject "LiteCore EE" */;
			compatibilityVersion = "Xcode 3.2";
			developmentRegion = English;
			hasScannedForEncodings = 0;
			knownRegions = (
				en,
			);
			mainGroup = 275A73C01ED351D0008CB57B;
			productRefGroup = 275A73CA1ED351D0008CB57B /* Products */;
			projectDirPath = "";
			projectReferences = (
				{
					ProductGroup = 275A74821ED39AFF008CB57B /* Products */;
					ProjectRef = 275A73E41ED362CF008CB57B /* LiteCore.xcodeproj */;
				},
			);
			projectRoot = "";
			targets = (
				275A742B1ED37560008CB57B /* LiteCoreServ_EE */,
				2796914B1ED4B1510086565D /* LiteCoreREST_EE */,
				2796917D1ED4B5D90086565D /* LiteCoreSync_EE */,
			);
		};
/* End PBXProject section */

/* Begin PBXReferenceProxy section */
		275A74951ED39AFF008CB57B /* libLiteCore-static.a */ = {
			isa = PBXReferenceProxy;
			fileType = archive.ar;
			path = "libLiteCore-static.a";
			remoteRef = 275A74941ED39AFF008CB57B /* PBXContainerItemProxy */;
			sourceTree = BUILT_PRODUCTS_DIR;
		};
		275A74971ED39AFF008CB57B /* libLiteCore.dylib */ = {
			isa = PBXReferenceProxy;
			fileType = "compiled.mach-o.dylib";
			path = libLiteCore.dylib;
			remoteRef = 275A74961ED39AFF008CB57B /* PBXContainerItemProxy */;
			sourceTree = BUILT_PRODUCTS_DIR;
		};
		275A74991ED39AFF008CB57B /* libLiteCoreREST-static.a */ = {
			isa = PBXReferenceProxy;
			fileType = archive.ar;
			path = "libLiteCoreREST-static.a";
			remoteRef = 275A74981ED39AFF008CB57B /* PBXContainerItemProxy */;
			sourceTree = BUILT_PRODUCTS_DIR;
		};
		275A749B1ED39AFF008CB57B /* libLiteCoreREST.dylib */ = {
			isa = PBXReferenceProxy;
			fileType = "compiled.mach-o.dylib";
			path = libLiteCoreREST.dylib;
			remoteRef = 275A749A1ED39AFF008CB57B /* PBXContainerItemProxy */;
			sourceTree = BUILT_PRODUCTS_DIR;
		};
		275A749D1ED39AFF008CB57B /* LiteCoreCppTests */ = {
			isa = PBXReferenceProxy;
			fileType = "compiled.mach-o.executable";
			path = LiteCoreCppTests;
			remoteRef = 275A749C1ED39AFF008CB57B /* PBXContainerItemProxy */;
			sourceTree = BUILT_PRODUCTS_DIR;
		};
		275A749F1ED39AFF008CB57B /* C4Tests */ = {
			isa = PBXReferenceProxy;
			fileType = "compiled.mach-o.executable";
			path = C4Tests;
			remoteRef = 275A749E1ED39AFF008CB57B /* PBXContainerItemProxy */;
			sourceTree = BUILT_PRODUCTS_DIR;
		};
		275A74A11ED39AFF008CB57B /* LiteCoreServ */ = {
			isa = PBXReferenceProxy;
			fileType = "compiled.mach-o.executable";
			path = LiteCoreServ;
			remoteRef = 275A74A01ED39AFF008CB57B /* PBXContainerItemProxy */;
			sourceTree = BUILT_PRODUCTS_DIR;
		};
		275A74A31ED39AFF008CB57B /* litecp */ = {
			isa = PBXReferenceProxy;
			fileType = "compiled.mach-o.executable";
			path = litecp;
			remoteRef = 275A74A21ED39AFF008CB57B /* PBXContainerItemProxy */;
			sourceTree = BUILT_PRODUCTS_DIR;
		};
		275A74A51ED39AFF008CB57B /* litecorelog */ = {
			isa = PBXReferenceProxy;
			fileType = "compiled.mach-o.executable";
			path = litecorelog;
			remoteRef = 275A74A41ED39AFF008CB57B /* PBXContainerItemProxy */;
			sourceTree = BUILT_PRODUCTS_DIR;
		};
		275A74A71ED39AFF008CB57B /* libLiteCoreJNI.dylib */ = {
			isa = PBXReferenceProxy;
			fileType = "compiled.mach-o.dylib";
			path = libLiteCoreJNI.dylib;
			remoteRef = 275A74A61ED39AFF008CB57B /* PBXContainerItemProxy */;
			sourceTree = BUILT_PRODUCTS_DIR;
		};
		275A74A91ED39AFF008CB57B /* libTokenizer.a */ = {
			isa = PBXReferenceProxy;
			fileType = archive.ar;
			path = libTokenizer.a;
			remoteRef = 275A74A81ED39AFF008CB57B /* PBXContainerItemProxy */;
			sourceTree = BUILT_PRODUCTS_DIR;
		};
		275A74AB1ED39AFF008CB57B /* libcivetweb.a */ = {
			isa = PBXReferenceProxy;
			fileType = archive.ar;
			path = libcivetweb.a;
			remoteRef = 275A74AA1ED39AFF008CB57B /* PBXContainerItemProxy */;
			sourceTree = BUILT_PRODUCTS_DIR;
		};
		275A74AD1ED39AFF008CB57B /* LiteCore Tests.xctest */ = {
			isa = PBXReferenceProxy;
			fileType = wrapper.cfbundle;
			path = "LiteCore Tests.xctest";
			remoteRef = 275A74AC1ED39AFF008CB57B /* PBXContainerItemProxy */;
			sourceTree = BUILT_PRODUCTS_DIR;
		};
		275A74AF1ED39AFF008CB57B /* LiteCore-iOS.app */ = {
			isa = PBXReferenceProxy;
			fileType = wrapper.application;
			path = "LiteCore-iOS.app";
			remoteRef = 275A74AE1ED39AFF008CB57B /* PBXContainerItemProxy */;
			sourceTree = BUILT_PRODUCTS_DIR;
		};
		275A74B11ED39AFF008CB57B /* LiteCore-iOS Tests.xctest */ = {
			isa = PBXReferenceProxy;
			fileType = wrapper.cfbundle;
			path = "LiteCore-iOS Tests.xctest";
			remoteRef = 275A74B01ED39AFF008CB57B /* PBXContainerItemProxy */;
			sourceTree = BUILT_PRODUCTS_DIR;
		};
		279691741ED4B3050086565D /* libLiteCore-static.a */ = {
			isa = PBXReferenceProxy;
			fileType = archive.ar;
			path = "libLiteCore-static.a";
			remoteRef = 279691731ED4B3050086565D /* PBXContainerItemProxy */;
			sourceTree = BUILT_PRODUCTS_DIR;
		};
/* End PBXReferenceProxy section */

/* Begin PBXSourcesBuildPhase section */
		275A74281ED37560008CB57B /* Sources */ = {
			isa = PBXSourcesBuildPhase;
			buildActionMask = 2147483647;
			files = (
				275A74D91ED3B891008CB57B /* LiteCoreServ.cc in Sources */,
				279691331ED4B0A10086565D /* RESTSyncListener.cc in Sources */,
				279691341ED4B0A50086565D /* CivetC4Socket.cc in Sources */,
			);
			runOnlyForDeploymentPostprocessing = 0;
		};
		279691481ED4B1510086565D /* Sources */ = {
			isa = PBXSourcesBuildPhase;
			buildActionMask = 2147483647;
			files = (
				279691581ED4B17A0086565D /* RESTSyncListener.cc in Sources */,
				279691591ED4B17D0086565D /* CivetC4Socket.cc in Sources */,
			);
			runOnlyForDeploymentPostprocessing = 0;
		};
		279691821ED4B5D90086565D /* Sources */ = {
			isa = PBXSourcesBuildPhase;
			buildActionMask = 2147483647;
			files = (
				279691921ED4B5EE0086565D /* SyncListener.cc in Sources */,
				279691841ED4B5D90086565D /* CivetC4Socket.cc in Sources */,
				279691941ED4B6390086565D /* Listener.cc in Sources */,
				279691951ED4B6390086565D /* c4Listener.cc in Sources */,
			);
			runOnlyForDeploymentPostprocessing = 0;
		};
/* End PBXSourcesBuildPhase section */

/* Begin PBXTargetDependency section */
		275A74BA1ED39CDA008CB57B /* PBXTargetDependency */ = {
			isa = PBXTargetDependency;
			name = "LiteCore static";
			targetProxy = 275A74B91ED39CDA008CB57B /* PBXContainerItemProxy */;
		};
		2796915B1ED4B18F0086565D /* PBXTargetDependency */ = {
			isa = PBXTargetDependency;
			name = "LiteCoreREST static";
			targetProxy = 2796915A1ED4B18F0086565D /* PBXContainerItemProxy */;
		};
		2796917A1ED4B3B30086565D /* PBXTargetDependency */ = {
			isa = PBXTargetDependency;
			name = Support;
			targetProxy = 279691791ED4B3B30086565D /* PBXContainerItemProxy */;
		};
		2796917E1ED4B5D90086565D /* PBXTargetDependency */ = {
			isa = PBXTargetDependency;
			name = Support;
			targetProxy = 2796917F1ED4B5D90086565D /* PBXContainerItemProxy */;
		};
		279691801ED4B5D90086565D /* PBXTargetDependency */ = {
			isa = PBXTargetDependency;
			name = "LiteCoreREST static";
			targetProxy = 279691811ED4B5D90086565D /* PBXContainerItemProxy */;
		};
/* End PBXTargetDependency section */

/* Begin XCBuildConfiguration section */
		275A73D21ED351D0008CB57B /* Debug */ = {
			isa = XCBuildConfiguration;
			baseConfigurationReference = 2796919A1ED4CA5B0086565D /* Project_Debug.xcconfig */;
			buildSettings = {
				COPY_PHASE_STRIP = NO;
				DEPLOYMENT_POSTPROCESSING = YES;
				HEADER_SEARCH_PATHS = (
					"$(LITECORE)/C/include/",
					"$(LITECORE)/C/",
					"$(LITECORE)/REST/",
					"$(LITECORE)/vendor/fleece/Fleece/",
					"$(LITECORE)/vendor/civetweb/include/",
					"$(LITECORE)/LiteCore/Support/",
				);
				LITECORE = "$(SRCROOT)/../couchbase-lite-core";
				SDKROOT = macosx;
			};
			name = Debug;
		};
		275A73D31ED351D0008CB57B /* Release */ = {
			isa = XCBuildConfiguration;
			baseConfigurationReference = 2796919B1ED4CA5B0086565D /* Project_Release.xcconfig */;
			buildSettings = {
				COPY_PHASE_STRIP = NO;
				DEPLOYMENT_POSTPROCESSING = YES;
				HEADER_SEARCH_PATHS = (
					"$(LITECORE)/C/include/",
					"$(LITECORE)/C/",
					"$(LITECORE)/REST/",
					"$(LITECORE)/vendor/fleece/Fleece/",
					"$(LITECORE)/vendor/civetweb/include/",
					"$(LITECORE)/LiteCore/Support/",
				);
				LITECORE = "$(SRCROOT)/../couchbase-lite-core";
				SDKROOT = macosx;
				STRIP_STYLE = "non-global";
			};
			name = Release;
		};
		275A74311ED37560008CB57B /* Debug */ = {
			isa = XCBuildConfiguration;
			buildSettings = {
				DEVELOPMENT_TEAM = N2Q372V7W2;
				PRODUCT_NAME = "$(TARGET_NAME)";
			};
			name = Debug;
		};
		275A74321ED37560008CB57B /* Release */ = {
			isa = XCBuildConfiguration;
			buildSettings = {
				DEVELOPMENT_TEAM = N2Q372V7W2;
				PRODUCT_NAME = "$(TARGET_NAME)";
			};
			name = Release;
		};
		279691551ED4B1510086565D /* Debug */ = {
			isa = XCBuildConfiguration;
			baseConfigurationReference = 279691A01ED4CEDE0086565D /* LiteCoreREST_EE.xcconfig */;
			buildSettings = {
			};
			name = Debug;
		};
		279691561ED4B1510086565D /* Release */ = {
			isa = XCBuildConfiguration;
			baseConfigurationReference = 279691A01ED4CEDE0086565D /* LiteCoreREST_EE.xcconfig */;
			buildSettings = {
			};
			name = Release;
		};
		2796918F1ED4B5D90086565D /* Debug */ = {
			isa = XCBuildConfiguration;
			baseConfigurationReference = 2796919F1ED4CCBD0086565D /* LiteCoreSync_EE.xcconfig */;
			buildSettings = {
			};
			name = Debug;
		};
		279691901ED4B5D90086565D /* Release */ = {
			isa = XCBuildConfiguration;
			baseConfigurationReference = 2796919F1ED4CCBD0086565D /* LiteCoreSync_EE.xcconfig */;
			buildSettings = {
			};
			name = Release;
		};
/* End XCBuildConfiguration section */

/* Begin XCConfigurationList section */
		275A73C41ED351D0008CB57B /* Build configuration list for PBXProject "LiteCore EE" */ = {
			isa = XCConfigurationList;
			buildConfigurations = (
				275A73D21ED351D0008CB57B /* Debug */,
				275A73D31ED351D0008CB57B /* Release */,
			);
			defaultConfigurationIsVisible = 0;
			defaultConfigurationName = Release;
		};
		275A74301ED37560008CB57B /* Build configuration list for PBXNativeTarget "LiteCoreServ_EE" */ = {
			isa = XCConfigurationList;
			buildConfigurations = (
				275A74311ED37560008CB57B /* Debug */,
				275A74321ED37560008CB57B /* Release */,
			);
			defaultConfigurationIsVisible = 0;
			defaultConfigurationName = Release;
		};
		279691541ED4B1510086565D /* Build configuration list for PBXNativeTarget "LiteCoreREST_EE" */ = {
			isa = XCConfigurationList;
			buildConfigurations = (
				279691551ED4B1510086565D /* Debug */,
				279691561ED4B1510086565D /* Release */,
			);
			defaultConfigurationIsVisible = 0;
			defaultConfigurationName = Release;
		};
		2796918E1ED4B5D90086565D /* Build configuration list for PBXNativeTarget "LiteCoreSync_EE" */ = {
			isa = XCConfigurationList;
			buildConfigurations = (
				2796918F1ED4B5D90086565D /* Debug */,
				279691901ED4B5D90086565D /* Release */,
			);
			defaultConfigurationIsVisible = 0;
			defaultConfigurationName = Release;
		};
/* End XCConfigurationList section */
	};
	rootObject = 275A73C11ED351D0008CB57B /* Project object */;
}
